
Microsoft Visual Studio Solution File, Format Version 12.00
# Visual Studio Version 17
VisualStudioVersion = 17.14.37628.2 d17.14
MinimumVisualStudioVersion = 10.0.40219.1
Project("{FAE04EC0-301F-11D3-BF4B-00C04F79EFBC}") = "assigment1", "assigment1\assigment1.csproj", "{139B7B56-39A1-4E63-9D0B-3D873A42934B}"
EndProject
Global
	GlobalSection(SolutionConfigurationPlatforms) = preSolution
		Debug|Any CPU = Debug|Any CPU
		Release|Any CPU = Release|Any CPU
	EndGlobalSection
	GlobalSection(ProjectConfigurationPlatforms) = postSolution
		{139B7B56-39A1-4E63-9D0B-3D873A42934B}.Debug|Any CPU.ActiveCfg = Debug|Any CPU
		{139B7B56-39A1-4E63-9D0B-3D873A42934B}.Debug|Any CPU.Build.0 = Debug|Any CPU
		{139B7B56-39A1-4E63-9D0B-3D873A42934B}.Release|Any CPU.ActiveCfg = Release|Any CPU
		{139B7B56-39A1-4E63-9D0B-3D873A42934B}.Release|Any CPU.Build.0 = Release|Any CPU
	EndGlobalSection
	GlobalSection(SolutionProperties) = preSolution
		HideSolutionNode = FALSE
	EndGlobalSection
	GlobalSection(ExtensibilityGlobals) = postSolution
		SolutionGuid = {532F2085-007D-4126-9E0B-F295D06149D9}
	EndGlobalSection
EndGlobal
